
Microsoft Visual Studio Solution File, Format Version 12.00
# Visual Studio Version 17
VisualStudioVersion = 17.2.32602.215
MinimumVisualStudioVersion = 10.0.40219.1
Project("{FAE04EC0-301F-11D3-BF4B-00C04F79EFBC}") = "IntroToInterFaces2", "IntroToInterFaces2\IntroToInterFaces2.csproj", "{018EC877-942F-44D7-9755-C35ED37B5B86}"
EndProject
Global
	GlobalSection(SolutionConfigurationPlatforms) = preSolution
		Debug|Any CPU = Debug|Any CPU
		Release|Any CPU = Release|Any CPU
	EndGlobalSection
	GlobalSection(ProjectConfigurationPlatforms) = postSolution
		{018EC877-942F-44D7-9755-C35ED37B5B86}.Debug|Any CPU.ActiveCfg = Debug|Any CPU
		{018EC877-942F-44D7-9755-C35ED37B5B86}.Debug|Any CPU.Build.0 = Debug|Any CPU
		{018EC877-942F-44D7-9755-C35ED37B5B86}.Release|Any CPU.ActiveCfg = Release|Any CPU
		{018EC877-942F-44D7-9755-C35ED37B5B86}.Release|Any CPU.Build.0 = Release|Any CPU
	EndGlobalSection
	GlobalSection(SolutionProperties) = preSolution
		HideSolutionNode = FALSE
	EndGlobalSection
	GlobalSection(ExtensibilityGlobals) = postSolution
		SolutionGuid = {A63DAF84-4DC9-47C4-9B30-8EA6B593AD42}
	EndGlobalSection
EndGlobal
